
Microsoft Visual Studio Solution File, Format Version 12.00
# Visual Studio Version 16
VisualStudioVersion = 16.0.30611.23
MinimumVisualStudioVersion = 10.0.40219.1
Project("{FAE04EC0-301F-11D3-BF4B-00C04F79EFBC}") = "Bastyon", "Bastyon.csproj", "{582C4A14-5426-4808-A62A-8783AEC127E1}"
EndProject
Global
	GlobalSection(SolutionConfigurationPlatforms) = preSolution
		Debug|Any CPU = Debug|Any CPU
		Release|Any CPU = Release|Any CPU
	EndGlobalSection
	GlobalSection(ProjectConfigurationPlatforms) = postSolution
		{582C4A14-5426-4808-A62A-8783AEC127E1}.Debug|Any CPU.ActiveCfg = Debug|Any CPU
		{582C4A14-5426-4808-A62A-8783AEC127E1}.Debug|Any CPU.Build.0 = Debug|Any CPU
		{582C4A14-5426-4808-A62A-8783AEC127E1}.Release|Any CPU.ActiveCfg = Release|Any CPU
		{582C4A14-5426-4808-A62A-8783AEC127E1}.Release|Any CPU.Build.0 = Release|Any CPU
	EndGlobalSection
	GlobalSection(SolutionProperties) = preSolution
		HideSolutionNode = FALSE
	EndGlobalSection
	GlobalSection(ExtensibilityGlobals) = postSolution
		SolutionGuid = {9DFE8EBD-6D15-46FE-9417-56A461FFD44E}
	EndGlobalSection
EndGlobal
